{
  "name": "grunt-decomment",
  "version": "0.2.4",
  "lockfileVersion": 3,
  "requires": true,
  "packages": {
    "": {
      "name": "grunt-decomment",
      "version": "0.2.4",
      "license": "MIT",
      "dependencies": {
        "decomment": "^0.8.3",
        "picocolors": "^1.1.1"
      },
      "engines": {
        "node": ">=0.10",
        "npm": ">=1.4"
      }
    },
    "node_modules/decomment": {
      "version": "0.8.8",
      "resolved": "https://registry.npmjs.org/decomment/-/decomment-0.8.8.tgz",
      "integrity": "sha512-xVbmniKld/kjjmoHjT0Ex35aa16zw29WEzSAflBcMawjqDtZlrR6wkSwYV0mwJYytDz8JEAYia5Pl8IJRXdWLg==",
      "license": "MIT",
      "dependencies": {
        "esprima": "^4.0.0"
      },
      "engines": {
        "node": ">=0.10",
        "npm": ">=1.4"
      }
    },
    "node_modules/esprima": {
      "version": "4.0.1",
      "resolved": "https://registry.npmjs.org/esprima/-/esprima-4.0.1.tgz",
      "integrity": "sha512-eGuFFw7Upda+g4p+QHvnW0RyTX/SVeJBDM/gCtMARO0cLuT2HcEKnTPvhjV6aGeqrCB/sbNop0Kszm0jsaWU4A==",
      "license": "BSD-2-Clause",
      "bin": {
        "esparse": "bin/esparse.js",
        "esvalidate": "bin/esvalidate.js"
      },
      "engines": {
        "node": ">=4"
      }
    },
    "node_modules/picocolors": {
      "version": "1.1.1",
      "resolved": "https://registry.npmjs.org/picocolors/-/picocolors-1.1.1.tgz",
      "integrity": "sha512-xceH2snhtb5M9liqDsmEw56le376mTZkEX/jEb/RxNFyegNul7eNslCXP9FDj/Lcu0X8KEyMceP2ntpaHrDEVA==",
      "license": "ISC"
    }
  }
}
